
Microsoft Visual Studio Solution File, Format Version 12.00
# Visual Studio 15
VisualStudioVersion = 15.0.26124.0
MinimumVisualStudioVersion = 15.0.26124.0
Project("{FAE04EC0-301F-11D3-BF4B-00C04F79EFBC}") = "proyecto", "proyecto\proyecto.csproj", "{724F2286-DA8A-4C7E-86DE-92E4AE2AA278}"
EndProject
Project("{FAE04EC0-301F-11D3-BF4B-00C04F79EFBC}") = "Entidad", "Entidad\Entidad.csproj", "{4D57632B-B066-4058-BADB-2B12326D700A}"
EndProject
Project("{FAE04EC0-301F-11D3-BF4B-00C04F79EFBC}") = "Logica", "Logica\Logica.csproj", "{163894D2-6C90-4F5A-ABA0-888BDF0C9811}"
EndProject
Project("{FAE04EC0-301F-11D3-BF4B-00C04F79EFBC}") = "Datos", "Datos\Datos.csproj", "{E2C56A85-B710-41B5-956A-B41954FB505C}"
EndProject
Global
	GlobalSection(SolutionConfigurationPlatforms) = preSolution
		Debug|Any CPU = Debug|Any CPU
		Debug|x64 = Debug|x64
		Debug|x86 = Debug|x86
		Release|Any CPU = Release|Any CPU
		Release|x64 = Release|x64
		Release|x86 = Release|x86
	EndGlobalSection
	GlobalSection(SolutionProperties) = preSolution
		HideSolutionNode = FALSE
	EndGlobalSection
	GlobalSection(ProjectConfigurationPlatforms) = postSolution
		{724F2286-DA8A-4C7E-86DE-92E4AE2AA278}.Debug|Any CPU.ActiveCfg = Debug|Any CPU
		{724F2286-DA8A-4C7E-86DE-92E4AE2AA278}.Debug|Any CPU.Build.0 = Debug|Any CPU
		{724F2286-DA8A-4C7E-86DE-92E4AE2AA278}.Debug|x64.ActiveCfg = Debug|Any CPU
		{724F2286-DA8A-4C7E-86DE-92E4AE2AA278}.Debug|x64.Build.0 = Debug|Any CPU
		{724F2286-DA8A-4C7E-86DE-92E4AE2AA278}.Debug|x86.ActiveCfg = Debug|Any CPU
		{724F2286-DA8A-4C7E-86DE-92E4AE2AA278}.Debug|x86.Build.0 = Debug|Any CPU
		{724F2286-DA8A-4C7E-86DE-92E4AE2AA278}.Release|Any CPU.ActiveCfg = Release|Any CPU
		{724F2286-DA8A-4C7E-86DE-92E4AE2AA278}.Release|Any CPU.Build.0 = Release|Any CPU
		{724F2286-DA8A-4C7E-86DE-92E4AE2AA278}.Release|x64.ActiveCfg = Release|Any CPU
		{724F2286-DA8A-4C7E-86DE-92E4AE2AA278}.Release|x64.Build.0 = Release|Any CPU
		{724F2286-DA8A-4C7E-86DE-92E4AE2AA278}.Release|x86.ActiveCfg = Release|Any CPU
		{724F2286-DA8A-4C7E-86DE-92E4AE2AA278}.Release|x86.Build.0 = Release|Any CPU
		{4D57632B-B066-4058-BADB-2B12326D700A}.Debug|Any CPU.ActiveCfg = Debug|Any CPU
		{4D57632B-B066-4058-BADB-2B12326D700A}.Debug|Any CPU.Build.0 = Debug|Any CPU
		{4D57632B-B066-4058-BADB-2B12326D700A}.Debug|x64.ActiveCfg = Debug|Any CPU
		{4D57632B-B066-4058-BADB-2B12326D700A}.Debug|x64.Build.0 = Debug|Any CPU
		{4D57632B-B066-4058-BADB-2B12326D700A}.Debug|x86.ActiveCfg = Debug|Any CPU
		{4D57632B-B066-4058-BADB-2B12326D700A}.Debug|x86.Build.0 = Debug|Any CPU
		{4D57632B-B066-4058-BADB-2B12326D700A}.Release|Any CPU.ActiveCfg = Release|Any CPU
		{4D57632B-B066-4058-BADB-2B12326D700A}.Release|Any CPU.Build.0 = Release|Any CPU
		{4D57632B-B066-4058-BADB-2B12326D700A}.Release|x64.ActiveCfg = Release|Any CPU
		{4D57632B-B066-4058-BADB-2B12326D700A}.Release|x64.Build.0 = Release|Any CPU
		{4D57632B-B066-4058-BADB-2B12326D700A}.Release|x86.ActiveCfg = Release|Any CPU
		{4D57632B-B066-4058-BADB-2B12326D700A}.Release|x86.Build.0 = Release|Any CPU
		{163894D2-6C90-4F5A-ABA0-888BDF0C9811}.Debug|Any CPU.ActiveCfg = Debug|Any CPU
		{163894D2-6C90-4F5A-ABA0-888BDF0C9811}.Debug|Any CPU.Build.0 = Debug|Any CPU
		{163894D2-6C90-4F5A-ABA0-888BDF0C9811}.Debug|x64.ActiveCfg = Debug|Any CPU
		{163894D2-6C90-4F5A-ABA0-888BDF0C9811}.Debug|x64.Build.0 = Debug|Any CPU
		{163894D2-6C90-4F5A-ABA0-888BDF0C9811}.Debug|x86.ActiveCfg = Debug|Any CPU
		{163894D2-6C90-4F5A-ABA0-888BDF0C9811}.Debug|x86.Build.0 = Debug|Any CPU
		{163894D2-6C90-4F5A-ABA0-888BDF0C9811}.Release|Any CPU.ActiveCfg = Release|Any CPU
		{163894D2-6C90-4F5A-ABA0-888BDF0C9811}.Release|Any CPU.Build.0 = Release|Any CPU
		{163894D2-6C90-4F5A-ABA0-888BDF0C9811}.Release|x64.ActiveCfg = Release|Any CPU
		{163894D2-6C90-4F5A-ABA0-888BDF0C9811}.Release|x64.Build.0 = Release|Any CPU
		{163894D2-6C90-4F5A-ABA0-888BDF0C9811}.Release|x86.ActiveCfg = Release|Any CPU
		{163894D2-6C90-4F5A-ABA0-888BDF0C9811}.Release|x86.Build.0 = Release|Any CPU
		{E2C56A85-B710-41B5-956A-B41954FB505C}.Debug|Any CPU.ActiveCfg = Debug|Any CPU
		{E2C56A85-B710-41B5-956A-B41954FB505C}.Debug|Any CPU.Build.0 = Debug|Any CPU
		{E2C56A85-B710-41B5-956A-B41954FB505C}.Debug|x64.ActiveCfg = Debug|Any CPU
		{E2C56A85-B710-41B5-956A-B41954FB505C}.Debug|x64.Build.0 = Debug|Any CPU
		{E2C56A85-B710-41B5-956A-B41954FB505C}.Debug|x86.ActiveCfg = Debug|Any CPU
		{E2C56A85-B710-41B5-956A-B41954FB505C}.Debug|x86.Build.0 = Debug|Any CPU
		{E2C56A85-B710-41B5-956A-B41954FB505C}.Release|Any CPU.ActiveCfg = Release|Any CPU
		{E2C56A85-B710-41B5-956A-B41954FB505C}.Release|Any CPU.Build.0 = Release|Any CPU
		{E2C56A85-B710-41B5-956A-B41954FB505C}.Release|x64.ActiveCfg = Release|Any CPU
		{E2C56A85-B710-41B5-956A-B41954FB505C}.Release|x64.Build.0 = Release|Any CPU
		{E2C56A85-B710-41B5-956A-B41954FB505C}.Release|x86.ActiveCfg = Release|Any CPU
		{E2C56A85-B710-41B5-956A-B41954FB505C}.Release|x86.Build.0 = Release|Any CPU
	EndGlobalSection
EndGlobal
